
Microsoft Visual Studio Solution File, Format Version 12.00
# Visual Studio Version 16
VisualStudioVersion = 25.0.1704.0
MinimumVisualStudioVersion = 10.0.40219.1
Project("{FAE04EC0-301F-11D3-BF4B-00C04F79EFBC}") = "01.SortPersonsByNameAndAge", "01.SortPersonsByNameAndAge\01.SortPersonsByNameAndAge.csproj", "{CF7015B6-95EF-4B4A-A97D-4B85254F7850}"
EndProject
Global
	GlobalSection(SolutionConfigurationPlatforms) = preSolution
		Debug|Any CPU = Debug|Any CPU
		Release|Any CPU = Release|Any CPU
	EndGlobalSection
	GlobalSection(ProjectConfigurationPlatforms) = postSolution
		{CF7015B6-95EF-4B4A-A97D-4B85254F7850}.Debug|Any CPU.ActiveCfg = Debug|Any CPU
		{CF7015B6-95EF-4B4A-A97D-4B85254F7850}.Debug|Any CPU.Build.0 = Debug|Any CPU
		{CF7015B6-95EF-4B4A-A97D-4B85254F7850}.Release|Any CPU.ActiveCfg = Release|Any CPU
		{CF7015B6-95EF-4B4A-A97D-4B85254F7850}.Release|Any CPU.Build.0 = Release|Any CPU
	EndGlobalSection
	GlobalSection(SolutionProperties) = preSolution
		HideSolutionNode = FALSE
	EndGlobalSection
	GlobalSection(ExtensibilityGlobals) = postSolution
		SolutionGuid = {2836B4DC-4322-41A1-9BCF-900D5C9A48EC}
	EndGlobalSection
EndGlobal
