
Microsoft Visual Studio Solution File, Format Version 12.00
# Visual Studio Version 16
VisualStudioVersion = 25.0.1704.0
MinimumVisualStudioVersion = 10.0.40219.1
Project("{FAE04EC0-301F-11D3-BF4B-00C04F79EFBC}") = "PlayersAndMonsters", "PlayersAndMonsters.csproj", "{C4D76D88-6AD9-439F-9314-AC1752B6A8EE}"
EndProject
Global
	GlobalSection(SolutionConfigurationPlatforms) = preSolution
		Debug|Any CPU = Debug|Any CPU
		Release|Any CPU = Release|Any CPU
	EndGlobalSection
	GlobalSection(ProjectConfigurationPlatforms) = postSolution
		{C4D76D88-6AD9-439F-9314-AC1752B6A8EE}.Debug|Any CPU.ActiveCfg = Debug|Any CPU
		{C4D76D88-6AD9-439F-9314-AC1752B6A8EE}.Debug|Any CPU.Build.0 = Debug|Any CPU
		{C4D76D88-6AD9-439F-9314-AC1752B6A8EE}.Release|Any CPU.ActiveCfg = Release|Any CPU
		{C4D76D88-6AD9-439F-9314-AC1752B6A8EE}.Release|Any CPU.Build.0 = Release|Any CPU
	EndGlobalSection
	GlobalSection(SolutionProperties) = preSolution
		HideSolutionNode = FALSE
	EndGlobalSection
	GlobalSection(ExtensibilityGlobals) = postSolution
		SolutionGuid = {C6FA29B6-7032-4468-9742-F77FF9E72C63}
	EndGlobalSection
EndGlobal
