
Microsoft Visual Studio Solution File, Format Version 12.00
# Visual Studio Version 16
VisualStudioVersion = 25.0.1704.0
MinimumVisualStudioVersion = 10.0.40219.1
Project("{FAE04EC0-301F-11D3-BF4B-00C04F79EFBC}") = "NeedForSpeed", "NeedForSpeed.csproj", "{481C695C-8A6E-44E8-877B-41D5018A50AE}"
EndProject
Global
	GlobalSection(SolutionConfigurationPlatforms) = preSolution
		Debug|Any CPU = Debug|Any CPU
		Release|Any CPU = Release|Any CPU
	EndGlobalSection
	GlobalSection(ProjectConfigurationPlatforms) = postSolution
		{481C695C-8A6E-44E8-877B-41D5018A50AE}.Debug|Any CPU.ActiveCfg = Debug|Any CPU
		{481C695C-8A6E-44E8-877B-41D5018A50AE}.Debug|Any CPU.Build.0 = Debug|Any CPU
		{481C695C-8A6E-44E8-877B-41D5018A50AE}.Release|Any CPU.ActiveCfg = Release|Any CPU
		{481C695C-8A6E-44E8-877B-41D5018A50AE}.Release|Any CPU.Build.0 = Release|Any CPU
	EndGlobalSection
	GlobalSection(SolutionProperties) = preSolution
		HideSolutionNode = FALSE
	EndGlobalSection
	GlobalSection(ExtensibilityGlobals) = postSolution
		SolutionGuid = {ACD2AC3B-C267-4659-90D1-3915CC0C419D}
	EndGlobalSection
EndGlobal
