
Microsoft Visual Studio Solution File, Format Version 12.00
# Visual Studio Version 16
VisualStudioVersion = 25.0.1704.0
MinimumVisualStudioVersion = 10.0.40219.1
Project("{FAE04EC0-301F-11D3-BF4B-00C04F79EFBC}") = "ShoppingSpree", "ShoppingSpree\ShoppingSpree.csproj", "{2EBAFCFA-92D4-4F8E-A64A-83E29CF5DC22}"
EndProject
Global
	GlobalSection(SolutionConfigurationPlatforms) = preSolution
		Debug|Any CPU = Debug|Any CPU
		Release|Any CPU = Release|Any CPU
	EndGlobalSection
	GlobalSection(ProjectConfigurationPlatforms) = postSolution
		{2EBAFCFA-92D4-4F8E-A64A-83E29CF5DC22}.Debug|Any CPU.ActiveCfg = Debug|Any CPU
		{2EBAFCFA-92D4-4F8E-A64A-83E29CF5DC22}.Debug|Any CPU.Build.0 = Debug|Any CPU
		{2EBAFCFA-92D4-4F8E-A64A-83E29CF5DC22}.Release|Any CPU.ActiveCfg = Release|Any CPU
		{2EBAFCFA-92D4-4F8E-A64A-83E29CF5DC22}.Release|Any CPU.Build.0 = Release|Any CPU
	EndGlobalSection
	GlobalSection(SolutionProperties) = preSolution
		HideSolutionNode = FALSE
	EndGlobalSection
	GlobalSection(ExtensibilityGlobals) = postSolution
		SolutionGuid = {A86456CB-CC79-40F5-9A5F-C48C2108FA2D}
	EndGlobalSection
EndGlobal
