
Microsoft Visual Studio Solution File, Format Version 12.00
# Visual Studio Version 16
VisualStudioVersion = 25.0.1704.0
MinimumVisualStudioVersion = 10.0.40219.1
Project("{FAE04EC0-301F-11D3-BF4B-00C04F79EFBC}") = "01.Vehicles", "01.Vehicles\01.Vehicles.csproj", "{CDD14ECA-4229-4745-8952-E0C1CA626631}"
EndProject
Global
	GlobalSection(SolutionConfigurationPlatforms) = preSolution
		Debug|Any CPU = Debug|Any CPU
		Release|Any CPU = Release|Any CPU
	EndGlobalSection
	GlobalSection(ProjectConfigurationPlatforms) = postSolution
		{CDD14ECA-4229-4745-8952-E0C1CA626631}.Debug|Any CPU.ActiveCfg = Debug|Any CPU
		{CDD14ECA-4229-4745-8952-E0C1CA626631}.Debug|Any CPU.Build.0 = Debug|Any CPU
		{CDD14ECA-4229-4745-8952-E0C1CA626631}.Release|Any CPU.ActiveCfg = Release|Any CPU
		{CDD14ECA-4229-4745-8952-E0C1CA626631}.Release|Any CPU.Build.0 = Release|Any CPU
	EndGlobalSection
	GlobalSection(SolutionProperties) = preSolution
		HideSolutionNode = FALSE
	EndGlobalSection
	GlobalSection(ExtensibilityGlobals) = postSolution
		SolutionGuid = {2EA690F4-CA3E-4BD0-B5ED-146AA4576D80}
	EndGlobalSection
EndGlobal
