
Microsoft Visual Studio Solution File, Format Version 12.00
# Visual Studio Version 16
VisualStudioVersion = 25.0.1704.0
MinimumVisualStudioVersion = 10.0.40219.1
Project("{FAE04EC0-301F-11D3-BF4B-00C04F79EFBC}") = "Person", "Person.csproj", "{95939097-2AAE-4FED-BBFE-A0AB1F90207C}"
EndProject
Global
	GlobalSection(SolutionConfigurationPlatforms) = preSolution
		Debug|Any CPU = Debug|Any CPU
		Release|Any CPU = Release|Any CPU
	EndGlobalSection
	GlobalSection(ProjectConfigurationPlatforms) = postSolution
		{95939097-2AAE-4FED-BBFE-A0AB1F90207C}.Debug|Any CPU.ActiveCfg = Debug|Any CPU
		{95939097-2AAE-4FED-BBFE-A0AB1F90207C}.Debug|Any CPU.Build.0 = Debug|Any CPU
		{95939097-2AAE-4FED-BBFE-A0AB1F90207C}.Release|Any CPU.ActiveCfg = Release|Any CPU
		{95939097-2AAE-4FED-BBFE-A0AB1F90207C}.Release|Any CPU.Build.0 = Release|Any CPU
	EndGlobalSection
	GlobalSection(SolutionProperties) = preSolution
		HideSolutionNode = FALSE
	EndGlobalSection
	GlobalSection(ExtensibilityGlobals) = postSolution
		SolutionGuid = {5CD85A5C-480A-4DAE-90D7-8258CB88DD85}
	EndGlobalSection
EndGlobal
